
Microsoft Visual Studio Solution File, Format Version 12.00
# Visual Studio Version 17
VisualStudioVersion = 17.5.33414.496
MinimumVisualStudioVersion = 10.0.40219.1
Project("{FAE04EC0-301F-11D3-BF4B-00C04F79EFBC}") = "prog6221---programming-2a", "prog6221---programming-2a\prog6221---programming-2a.csproj", "{29AB9CE7-CF8A-4C21-9009-BE062E6C7BD2}"
EndProject
Project("{FAE04EC0-301F-11D3-BF4B-00C04F79EFBC}") = "RecipeUnitTest", "RecipeUnitTest\RecipeUnitTest.csproj", "{23B9EBB1-0177-404E-ADB9-D7FBA9B2455B}"
EndProject
Global
	GlobalSection(SolutionConfigurationPlatforms) = preSolution
		Debug|Any CPU = Debug|Any CPU
		Release|Any CPU = Release|Any CPU
	EndGlobalSection
	GlobalSection(ProjectConfigurationPlatforms) = postSolution
		{29AB9CE7-CF8A-4C21-9009-BE062E6C7BD2}.Debug|Any CPU.ActiveCfg = Debug|Any CPU
		{29AB9CE7-CF8A-4C21-9009-BE062E6C7BD2}.Debug|Any CPU.Build.0 = Debug|Any CPU
		{29AB9CE7-CF8A-4C21-9009-BE062E6C7BD2}.Release|Any CPU.ActiveCfg = Release|Any CPU
		{29AB9CE7-CF8A-4C21-9009-BE062E6C7BD2}.Release|Any CPU.Build.0 = Release|Any CPU
		{23B9EBB1-0177-404E-ADB9-D7FBA9B2455B}.Debug|Any CPU.ActiveCfg = Debug|Any CPU
		{23B9EBB1-0177-404E-ADB9-D7FBA9B2455B}.Debug|Any CPU.Build.0 = Debug|Any CPU
		{23B9EBB1-0177-404E-ADB9-D7FBA9B2455B}.Release|Any CPU.ActiveCfg = Release|Any CPU
		{23B9EBB1-0177-404E-ADB9-D7FBA9B2455B}.Release|Any CPU.Build.0 = Release|Any CPU
	EndGlobalSection
	GlobalSection(SolutionProperties) = preSolution
		HideSolutionNode = FALSE
	EndGlobalSection
	GlobalSection(ExtensibilityGlobals) = postSolution
		SolutionGuid = {965693AD-5F79-4F86-9999-8A0FD779A1F6}
	EndGlobalSection
EndGlobal
